// !$*UTF8*$!
{
	archiveVersion = 1;
	classes = {
	};
	objectVersion = 48;
	objects = {

/* Begin PBXBuildFile section */
		3E0F1DCE2088B67A008B525E /* UIColor+theme.swift in Sources */ = {isa = PBXBuildFile; fileRef = 3E0F1DCD2088B67A008B525E /* UIColor+theme.swift */; };
		3E3C61B22088C4270067AAA5 /* Compay.swift in Sources */ = {isa = PBXBuildFile; fileRef = 3E3C61B12088C4270067AAA5 /* Compay.swift */; };
		3E3C61B42088CA430067AAA5 /* CreateCompanyController.swift in Sources */ = {isa = PBXBuildFile; fileRef = 3E3C61B32088CA430067AAA5 /* CreateCompanyController.swift */; };
		3E5D845B1FED7B8F00F6DB68 /* AppDelegate.swift in Sources */ = {isa = PBXBuildFile; fileRef = 3E5D845A1FED7B8F00F6DB68 /* AppDelegate.swift */; };
		3E5D845D1FED7B8F00F6DB68 /* CompaniesController.swift in Sources */ = {isa = PBXBuildFile; fileRef = 3E5D845C1FED7B8F00F6DB68 /* CompaniesController.swift */; };
		3E5D84601FED7B8F00F6DB68 /* Main.storyboard in Resources */ = {isa = PBXBuildFile; fileRef = 3E5D845E1FED7B8F00F6DB68 /* Main.storyboard */; };
		3E5D84621FED7B8F00F6DB68 /* Assets.xcassets in Resources */ = {isa = PBXBuildFile; fileRef = 3E5D84611FED7B8F00F6DB68 /* Assets.xcassets */; };
		3E5D84651FED7B8F00F6DB68 /* LaunchScreen.storyboard in Resources */ = {isa = PBXBuildFile; fileRef = 3E5D84631FED7B8F00F6DB68 /* LaunchScreen.storyboard */; };
/* End PBXBuildFile section */

/* Begin PBXFileReference section */
		3E0F1DCD2088B67A008B525E /* UIColor+theme.swift */ = {isa = PBXFileReference; lastKnownFileType = sourcecode.swift; path = "UIColor+theme.swift"; sourceTree = "<group>"; };
		3E3C61B12088C4270067AAA5 /* Compay.swift */ = {isa = PBXFileReference; lastKnownFileType = sourcecode.swift; path = Compay.swift; sourceTree = "<group>"; };
		3E3C61B32088CA430067AAA5 /* CreateCompanyController.swift */ = {isa = PBXFileReference; lastKnownFileType = sourcecode.swift; path = CreateCompanyController.swift; sourceTree = "<group>"; };
		3E5D84571FED7B8F00F6DB68 /* IntermediateTraining.app */ = {isa = PBXFileReference; explicitFileType = wrapper.application; includeInIndex = 0; path = IntermediateTraining.app; sourceTree = BUILT_PRODUCTS_DIR; };
		3E5D845A1FED7B8F00F6DB68 /* AppDelegate.swift */ = {isa = PBXFileReference; lastKnownFileType = sourcecode.swift; path = AppDelegate.swift; sourceTree = "<group>"; };
		3E5D845C1FED7B8F00F6DB68 /* CompaniesController.swift */ = {isa = PBXFileReference; lastKnownFileType = sourcecode.swift; path = CompaniesController.swift; sourceTree = "<group>"; };
		3E5D845F1FED7B8F00F6DB68 /* Base */ = {isa = PBXFileReference; lastKnownFileType = file.storyboard; name = Base; path = Base.lproj/Main.storyboard; sourceTree = "<group>"; };
		3E5D84611FED7B8F00F6DB68 /* Assets.xcassets */ = {isa = PBXFileReference; lastKnownFileType = folder.assetcatalog; path = Assets.xcassets; sourceTree = "<group>"; };
		3E5D84641FED7B8F00F6DB68 /* Base */ = {isa = PBXFileReference; lastKnownFileType = file.storyboard; name = Base; path = Base.lproj/LaunchScreen.storyboard; sourceTree = "<group>"; };
		3E5D84661FED7B8F00F6DB68 /* Info.plist */ = {isa = PBXFileReference; lastKnownFileType = text.plist.xml; path = Info.plist; sourceTree = "<group>"; };
/* End PBXFileReference section */

/* Begin PBXFrameworksBuildPhase section */
		3E5D84541FED7B8F00F6DB68 /* Frameworks */ = {
			isa = PBXFrameworksBuildPhase;
			buildActionMask = 2147483647;
			files = (
			);
			runOnlyForDeploymentPostprocessing = 0;
		};
/* End PBXFrameworksBuildPhase section */

/* Begin PBXGroup section */
		3E5D844E1FED7B8F00F6DB68 = {
			isa = PBXGroup;
			children = (
				3E5D84591FED7B8F00F6DB68 /* IntermediateTraining */,
				3E5D84581FED7B8F00F6DB68 /* Products */,
			);
			sourceTree = "<group>";
		};
		3E5D84581FED7B8F00F6DB68 /* Products */ = {
			isa = PBXGroup;
			children = (
				3E5D84571FED7B8F00F6DB68 /* IntermediateTraining.app */,
			);
			name = Products;
			sourceTree = "<group>";
		};
		3E5D84591FED7B8F00F6DB68 /* IntermediateTraining */ = {
			isa = PBXGroup;
			children = (
				3E5D845A1FED7B8F00F6DB68 /* AppDelegate.swift */,
				3E5D845C1FED7B8F00F6DB68 /* CompaniesController.swift */,
				3E5D845E1FED7B8F00F6DB68 /* Main.storyboard */,
				3E5D84611FED7B8F00F6DB68 /* Assets.xcassets */,
				3E5D84631FED7B8F00F6DB68 /* LaunchScreen.storyboard */,
				3E5D84661FED7B8F00F6DB68 /* Info.plist */,
				3E0F1DCD2088B67A008B525E /* UIColor+theme.swift */,
				3E3C61B12088C4270067AAA5 /* Compay.swift */,
				3E3C61B32088CA430067AAA5 /* CreateCompanyController.swift */,
			);
			path = IntermediateTraining;
			sourceTree = "<group>";
		};
/* End PBXGroup section */

/* Begin PBXNativeTarget section */
		3E5D84561FED7B8F00F6DB68 /* IntermediateTraining */ = {
			isa = PBXNativeTarget;
			buildConfigurationList = 3E5D84691FED7B8F00F6DB68 /* Build configuration list for PBXNativeTarget "IntermediateTraining" */;
			buildPhases = (
				3E5D84531FED7B8F00F6DB68 /* Sources */,
				3E5D84541FED7B8F00F6DB68 /* Frameworks */,
				3E5D84551FED7B8F00F6DB68 /* Resources */,
			);
			buildRules = (
			);
			dependencies = (
			);
			name = IntermediateTraining;
			productName = IntermediateTraining;
			productReference = 3E5D84571FED7B8F00F6DB68 /* IntermediateTraining.app */;
			productType = "com.apple.product-type.application";
		};
/* End PBXNativeTarget section */

/* Begin PBXProject section */
		3E5D844F1FED7B8F00F6DB68 /* Project object */ = {
			isa = PBXProject;
			attributes = {
				LastSwiftUpdateCheck = 0920;
				LastUpgradeCheck = 0930;
				ORGANIZATIONNAME = "Pavlos Nicolaou";
				TargetAttributes = {
					3E5D84561FED7B8F00F6DB68 = {
						CreatedOnToolsVersion = 9.2;
						ProvisioningStyle = Automatic;
					};
				};
			};
			buildConfigurationList = 3E5D84521FED7B8F00F6DB68 /* Build configuration list for PBXProject "IntermediateTraining" */;
			compatibilityVersion = "Xcode 8.0";
			developmentRegion = en;
			hasScannedForEncodings = 0;
			knownRegions = (
				en,
				Base,
			);
			mainGroup = 3E5D844E1FED7B8F00F6DB68;
			productRefGroup = 3E5D84581FED7B8F00F6DB68 /* Products */;
			projectDirPath = "";
			projectRoot = "";
			targets = (
				3E5D84561FED7B8F00F6DB68 /* IntermediateTraining */,
			);
		};
/* End PBXProject section */

/* Begin PBXResourcesBuildPhase section */
		3E5D84551FED7B8F00F6DB68 /* Resources */ = {
			isa = PBXResourcesBuildPhase;
			buildActionMask = 2147483647;
			files = (
				3E5D84651FED7B8F00F6DB68 /* LaunchScreen.storyboard in Resources */,
				3E5D84621FED7B8F00F6DB68 /* Assets.xcassets in Resources */,
				3E5D84601FED7B8F00F6DB68 /* Main.storyboard in Resources */,
			);
			runOnlyForDeploymentPostprocessing = 0;
		};
/* End PBXResourcesBuildPhase section */

/* Begin PBXSourcesBuildPhase section */
		3E5D84531FED7B8F00F6DB68 /* Sources */ = {
			isa = PBXSourcesBuildPhase;
			buildActionMask = 2147483647;
			files = (
				3E3C61B22088C4270067AAA5 /* Compay.swift in Sources */,
				3E0F1DCE2088B67A008B525E /* UIColor+theme.swift in Sources */,
				3E5D845D1FED7B8F00F6DB68 /* CompaniesController.swift in Sources */,
				3E5D845B1FED7B8F00F6DB68 /* AppDelegate.swift in Sources */,
				3E3C61B42088CA430067AAA5 /* CreateCompanyController.swift in Sources */,
			);
			runOnlyForDeploymentPostprocessing = 0;
		};
/* End PBXSourcesBuildPhase section */

/* Begin PBXVariantGroup section */
		3E5D845E1FED7B8F00F6DB68 /* Main.storyboard */ = {
			isa = PBXVariantGroup;
			children = (
				3E5D845F1FED7B8F00F6DB68 /* Base */,
			);
			name = Main.storyboard;
			sourceTree = "<group>";
		};
		3E5D84631FED7B8F00F6DB68 /* LaunchScreen.storyboard */ = {
			isa = PBXVariantGroup;
			children = (
				3E5D84641FED7B8F00F6DB68 /* Base */,
			);
			name = LaunchScreen.storyboard;
			sourceTree = "<group>";
		};
/* End PBXVariantGroup section */

/* Begin XCBuildConfiguration section */
		3E5D84671FED7B8F00F6DB68 /* Debug */ = {
			isa = XCBuildConfiguration;
			buildSettings = {
				ALWAYS_SEARCH_USER_PATHS = NO;
				CLANG_ANALYZER_NONNULL = YES;
				CLANG_ANALYZER_NUMBER_OBJECT_CONVERSION = YES_AGGRESSIVE;
				CLANG_CXX_LANGUAGE_STANDARD = "gnu++14";
				CLANG_CXX_LIBRARY = "libc++";
				CLANG_ENABLE_MODULES = YES;
				CLANG_ENABLE_OBJC_ARC = YES;
				CLANG_WARN_BLOCK_CAPTURE_AUTORELEASING = YES;
				CLANG_WARN_BOOL_CONVERSION = YES;
				CLANG_WARN_COMMA = YES;
				CLANG_WARN_CONSTANT_CONVERSION = YES;
				CLANG_WARN_DEPRECATED_OBJC_IMPLEMENTATIONS = YES;
				CLANG_WARN_DIRECT_OBJC_ISA_USAGE = YES_ERROR;
				CLANG_WARN_DOCUMENTATION_COMMENTS = YES;
				CLANG_WARN_EMPTY_BODY = YES;
				CLANG_WARN_ENUM_CONVERSION = YES;
				CLANG_WARN_INFINITE_RECURSION = YES;
				CLANG_WARN_INT_CONVERSION = YES;
				CLANG_WARN_NON_LITERAL_NULL_CONVERSION = YES;
				CLANG_WARN_OBJC_IMPLICIT_RETAIN_SELF = YES;
				CLANG_WARN_OBJC_LITERAL_CONVERSION = YES;
				CLANG_WARN_OBJC_ROOT_CLASS = YES_ERROR;
				CLANG_WARN_RANGE_LOOP_ANALYSIS = YES;
				CLANG_WARN_STRICT_PROTOTYPES = YES;
				CLANG_WARN_SUSPICIOUS_MOVE = YES;
				CLANG_WARN_UNGUARDED_AVAILABILITY = YES_AGGRESSIVE;
				CLANG_WARN_UNREACHABLE_CODE = YES;
				CLANG_WARN__DUPLICATE_METHOD_MATCH = YES;
				CODE_SIGN_IDENTITY = "iPhone Developer";
				COPY_PHASE_STRIP = NO;
				DEBUG_INFORMATION_FORMAT = dwarf;
				ENABLE_STRICT_OBJC_MSGSEND = YES;
				ENABLE_TESTABILITY = YES;
				GCC_C_LANGUAGE_STANDARD = gnu11;
				GCC_DYNAMIC_NO_PIC = NO;
				GCC_NO_COMMON_BLOCKS = YES;
				GCC_OPTIMIZATION_LEVEL = 0;
				GCC_PREPROCESSOR_DEFINITIONS = (
					"DEBUG=1",
					"$(inherited)",
				);
				GCC_WARN_64_TO_32_BIT_CONVERSION = YES;
				GCC_WARN_ABOUT_RETURN_TYPE = YES_ERROR;
				GCC_WARN_UNDECLARED_SELECTOR = YES;
				GCC_WARN_UNINITIALIZED_AUTOS = YES_AGGRESSIVE;
				GCC_WARN_UNUSED_FUNCTION = YES;
				GCC_WARN_UNUSED_VARIABLE = YES;
				IPHONEOS_DEPLOYMENT_TARGET = 11.2;
				MTL_ENABLE_DEBUG_INFO = YES;
				ONLY_ACTIVE_ARCH = YES;
				SDKROOT = iphoneos;
				SWIFT_ACTIVE_COMPILATION_CONDITIONS = DEBUG;
				SWIFT_OPTIMIZATION_LEVEL = "-Onone";
			};
			name = Debug;
		};
		3E5D84681FED7B8F00F6DB68 /* Release */ = {
			isa = XCBuildConfiguration;
			buildSettings = {
				ALWAYS_SEARCH_USER_PATHS = NO;
				CLANG_ANALYZER_NONNULL = YES;
				CLANG_ANALYZER_NUMBER_OBJECT_CONVERSION = YES_AGGRESSIVE;
				CLANG_CXX_LANGUAGE_STANDARD = "gnu++14";
				CLANG_CXX_LIBRARY = "libc++";
				CLANG_ENABLE_MODULES = YES;
				CLANG_ENABLE_OBJC_ARC = YES;
				CLANG_WARN_BLOCK_CAPTURE_AUTORELEASING = YES;
				CLANG_WARN_BOOL_CONVERSION = YES;
				CLANG_WARN_COMMA = YES;
				CLANG_WARN_CONSTANT_CONVERSION = YES;
				CLANG_WARN_DEPRECATED_OBJC_IMPLEMENTATIONS = YES;
				CLANG_WARN_DIRECT_OBJC_ISA_USAGE = YES_ERROR;
				CLANG_WARN_DOCUMENTATION_COMMENTS = YES;
				CLANG_WARN_EMPTY_BODY = YES;
				CLANG_WARN_ENUM_CONVERSION = YES;
				CLANG_WARN_INFINITE_RECURSION = YES;
				CLANG_WARN_INT_CONVERSION = YES;
				CLANG_WARN_NON_LITERAL_NULL_CONVERSION = YES;
				CLANG_WARN_OBJC_IMPLICIT_RETAIN_SELF = YES;
				CLANG_WARN_OBJC_LITERAL_CONVERSION = YES;
				CLANG_WARN_OBJC_ROOT_CLASS = YES_ERROR;
				CLANG_WARN_RANGE_LOOP_ANALYSIS = YES;
				CLANG_WARN_STRICT_PROTOTYPES = YES;
				CLANG_WARN_SUSPICIOUS_MOVE = YES;
				CLANG_WARN_UNGUARDED_AVAILABILITY = YES_AGGRESSIVE;
				CLANG_WARN_UNREACHABLE_CODE = YES;
				CLANG_WARN__DUPLICATE_METHOD_MATCH = YES;
				CODE_SIGN_IDENTITY = "iPhone Developer";
				COPY_PHASE_STRIP = NO;
				DEBUG_INFORMATION_FORMAT = "dwarf-with-dsym";
				ENABLE_NS_ASSERTIONS = NO;
				ENABLE_STRICT_OBJC_MSGSEND = YES;
				GCC_C_LANGUAGE_STANDARD = gnu11;
				GCC_NO_COMMON_BLOCKS = YES;
				GCC_WARN_64_TO_32_BIT_CONVERSION = YES;
				GCC_WARN_ABOUT_RETURN_TYPE = YES_ERROR;
				GCC_WARN_UNDECLARED_SELECTOR = YES;
				GCC_WARN_UNINITIALIZED_AUTOS = YES_AGGRESSIVE;
				GCC_WARN_UNUSED_FUNCTION = YES;
				GCC_WARN_UNUSED_VARIABLE = YES;
				IPHONEOS_DEPLOYMENT_TARGET = 11.2;
				MTL_ENABLE_DEBUG_INFO = NO;
				SDKROOT = iphoneos;
				SWIFT_OPTIMIZATION_LEVEL = "-Owholemodule";
				VALIDATE_PRODUCT = YES;
			};
			name = Release;
		};
		3E5D846A1FED7B8F00F6DB68 /* Debug */ = {
			isa = XCBuildConfiguration;
			buildSettings = {
				ASSETCATALOG_COMPILER_APPICON_NAME = AppIcon;
				CODE_SIGN_STYLE = Automatic;
				DEVELOPMENT_TEAM = SQH38A6Q89;
				INFOPLIST_FILE = IntermediateTraining/Info.plist;
				LD_RUNPATH_SEARCH_PATHS = "$(inherited) @executable_path/Frameworks";
				PRODUCT_BUNDLE_IDENTIFIER = org.pavlosnicolaou.IntermediateTraining;
				PRODUCT_NAME = "$(TARGET_NAME)";
				SWIFT_VERSION = 4.0;
				TARGETED_DEVICE_FAMILY = "1,2";
			};
			name = Debug;
		};
		3E5D846B1FED7B8F00F6DB68 /* Release */ = {
			isa = XCBuildConfiguration;
			buildSettings = {
				ASSETCATALOG_COMPILER_APPICON_NAME = AppIcon;
				CODE_SIGN_STYLE = Automatic;
				DEVELOPMENT_TEAM = SQH38A6Q89;
				INFOPLIST_FILE = IntermediateTraining/Info.plist;
				LD_RUNPATH_SEARCH_PATHS = "$(inherited) @executable_path/Frameworks";
				PRODUCT_BUNDLE_IDENTIFIER = org.pavlosnicolaou.IntermediateTraining;
				PRODUCT_NAME = "$(TARGET_NAME)";
				SWIFT_VERSION = 4.0;
				TARGETED_DEVICE_FAMILY = "1,2";
			};
			name = Release;
		};
/* End XCBuildConfiguration section */

/* Begin XCConfigurationList section */
		3E5D84521FED7B8F00F6DB68 /* Build configuration list for PBXProject "IntermediateTraining" */ = {
			isa = XCConfigurationList;
			buildConfigurations = (
				3E5D84671FED7B8F00F6DB68 /* Debug */,
				3E5D84681FED7B8F00F6DB68 /* Release */,
			);
			defaultConfigurationIsVisible = 0;
			defaultConfigurationName = Release;
		};
		3E5D84691FED7B8F00F6DB68 /* Build configuration list for PBXNativeTarget "IntermediateTraining" */ = {
			isa = XCConfigurationList;
			buildConfigurations = (
				3E5D846A1FED7B8F00F6DB68 /* Debug */,
				3E5D846B1FED7B8F00F6DB68 /* Release */,
			);
			defaultConfigurationIsVisible = 0;
			defaultConfigurationName = Release;
		};
/* End XCConfigurationList section */
	};
	rootObject = 3E5D844F1FED7B8F00F6DB68 /* Project object */;
}
